// !$*UTF8*$!
{
	archiveVersion = 1;
	classes = {
	};
	objectVersion = 56;
	objects = {

/* Begin PBXBuildFile section */
		8A03662E29BE6BFA00922B32 /* AppDelegate.swift in Sources */ = {isa = PBXBuildFile; fileRef = 8A03662D29BE6BFA00922B32 /* AppDelegate.swift */; };
		8A03663029BE6BFA00922B32 /* SceneDelegate.swift in Sources */ = {isa = PBXBuildFile; fileRef = 8A03662F29BE6BFA00922B32 /* SceneDelegate.swift */; };
		8A03663229BE6BFA00922B32 /* ViewController.swift in Sources */ = {isa = PBXBuildFile; fileRef = 8A03663129BE6BFA00922B32 /* ViewController.swift */; };
		8A03663529BE6BFA00922B32 /* Main.storyboard in Resources */ = {isa = PBXBuildFile; fileRef = 8A03663329BE6BFA00922B32 /* Main.storyboard */; };
		8A03663729BE6BFB00922B32 /* Assets.xcassets in Resources */ = {isa = PBXBuildFile; fileRef = 8A03663629BE6BFB00922B32 /* Assets.xcassets */; };
		8A03663A29BE6BFB00922B32 /* LaunchScreen.storyboard in Resources */ = {isa = PBXBuildFile; fileRef = 8A03663829BE6BFB00922B32 /* LaunchScreen.storyboard */; };
		8A03664529BE6BFC00922B32 /* TodoeyTests.swift in Sources */ = {isa = PBXBuildFile; fileRef = 8A03664429BE6BFC00922B32 /* TodoeyTests.swift */; };
		8A03664F29BE6BFC00922B32 /* TodoeyUITests.swift in Sources */ = {isa = PBXBuildFile; fileRef = 8A03664E29BE6BFC00922B32 /* TodoeyUITests.swift */; };
		8A03665129BE6BFC00922B32 /* TodoeyUITestsLaunchTests.swift in Sources */ = {isa = PBXBuildFile; fileRef = 8A03665029BE6BFC00922B32 /* TodoeyUITestsLaunchTests.swift */; };
		8A6590FC29BEDA25006B0376 /* Item.swift in Sources */ = {isa = PBXBuildFile; fileRef = 8A6590FB29BEDA24006B0376 /* Item.swift */; };
/* End PBXBuildFile section */

/* Begin PBXContainerItemProxy section */
		8A03664129BE6BFC00922B32 /* PBXContainerItemProxy */ = {
			isa = PBXContainerItemProxy;
			containerPortal = 8A03662229BE6BFA00922B32 /* Project object */;
			proxyType = 1;
			remoteGlobalIDString = 8A03662929BE6BFA00922B32;
			remoteInfo = Todoey;
		};
		8A03664B29BE6BFC00922B32 /* PBXContainerItemProxy */ = {
			isa = PBXContainerItemProxy;
			containerPortal = 8A03662229BE6BFA00922B32 /* Project object */;
			proxyType = 1;
			remoteGlobalIDString = 8A03662929BE6BFA00922B32;
			remoteInfo = Todoey;
		};
/* End PBXContainerItemProxy section */

/* Begin PBXFileReference section */
		8A03662A29BE6BFA00922B32 /* Todoey.app */ = {isa = PBXFileReference; explicitFileType = wrapper.application; includeInIndex = 0; path = Todoey.app; sourceTree = BUILT_PRODUCTS_DIR; };
		8A03662D29BE6BFA00922B32 /* AppDelegate.swift */ = {isa = PBXFileReference; lastKnownFileType = sourcecode.swift; path = AppDelegate.swift; sourceTree = "<group>"; };
		8A03662F29BE6BFA00922B32 /* SceneDelegate.swift */ = {isa = PBXFileReference; lastKnownFileType = sourcecode.swift; path = SceneDelegate.swift; sourceTree = "<group>"; };
		8A03663129BE6BFA00922B32 /* ViewController.swift */ = {isa = PBXFileReference; lastKnownFileType = sourcecode.swift; path = ViewController.swift; sourceTree = "<group>"; };
		8A03663429BE6BFA00922B32 /* Base */ = {isa = PBXFileReference; lastKnownFileType = file.storyboard; name = Base; path = Base.lproj/Main.storyboard; sourceTree = "<group>"; };
		8A03663629BE6BFB00922B32 /* Assets.xcassets */ = {isa = PBXFileReference; lastKnownFileType = folder.assetcatalog; path = Assets.xcassets; sourceTree = "<group>"; };
		8A03663929BE6BFB00922B32 /* Base */ = {isa = PBXFileReference; lastKnownFileType = file.storyboard; name = Base; path = Base.lproj/LaunchScreen.storyboard; sourceTree = "<group>"; };
		8A03663B29BE6BFB00922B32 /* Info.plist */ = {isa = PBXFileReference; lastKnownFileType = text.plist.xml; path = Info.plist; sourceTree = "<group>"; };
		8A03664029BE6BFC00922B32 /* TodoeyTests.xctest */ = {isa = PBXFileReference; explicitFileType = wrapper.cfbundle; includeInIndex = 0; path = TodoeyTests.xctest; sourceTree = BUILT_PRODUCTS_DIR; };
		8A03664429BE6BFC00922B32 /* TodoeyTests.swift */ = {isa = PBXFileReference; lastKnownFileType = sourcecode.swift; path = TodoeyTests.swift; sourceTree = "<group>"; };
		8A03664A29BE6BFC00922B32 /* TodoeyUITests.xctest */ = {isa = PBXFileReference; explicitFileType = wrapper.cfbundle; includeInIndex = 0; path = TodoeyUITests.xctest; sourceTree = BUILT_PRODUCTS_DIR; };
		8A03664E29BE6BFC00922B32 /* TodoeyUITests.swift */ = {isa = PBXFileReference; lastKnownFileType = sourcecode.swift; path = TodoeyUITests.swift; sourceTree = "<group>"; };
		8A03665029BE6BFC00922B32 /* TodoeyUITestsLaunchTests.swift */ = {isa = PBXFileReference; lastKnownFileType = sourcecode.swift; path = TodoeyUITestsLaunchTests.swift; sourceTree = "<group>"; };
		8A6590FB29BEDA24006B0376 /* Item.swift */ = {isa = PBXFileReference; lastKnownFileType = sourcecode.swift; path = Item.swift; sourceTree = "<group>"; };
/* End PBXFileReference section */

/* Begin PBXFrameworksBuildPhase section */
		8A03662729BE6BFA00922B32 /* Frameworks */ = {
			isa = PBXFrameworksBuildPhase;
			buildActionMask = 2147483647;
			files = (
			);
			runOnlyForDeploymentPostprocessing = 0;
		};
		8A03663D29BE6BFC00922B32 /* Frameworks */ = {
			isa = PBXFrameworksBuildPhase;
			buildActionMask = 2147483647;
			files = (
			);
			runOnlyForDeploymentPostprocessing = 0;
		};
		8A03664729BE6BFC00922B32 /* Frameworks */ = {
			isa = PBXFrameworksBuildPhase;
			buildActionMask = 2147483647;
			files = (
			);
			runOnlyForDeploymentPostprocessing = 0;
		};
/* End PBXFrameworksBuildPhase section */

/* Begin PBXGroup section */
		8A03662129BE6BFA00922B32 = {
			isa = PBXGroup;
			children = (
				8A03662C29BE6BFA00922B32 /* Todoey */,
				8A03664329BE6BFC00922B32 /* TodoeyTests */,
				8A03664D29BE6BFC00922B32 /* TodoeyUITests */,
				8A03662B29BE6BFA00922B32 /* Products */,
			);
			sourceTree = "<group>";
		};
		8A03662B29BE6BFA00922B32 /* Products */ = {
			isa = PBXGroup;
			children = (
				8A03662A29BE6BFA00922B32 /* Todoey.app */,
				8A03664029BE6BFC00922B32 /* TodoeyTests.xctest */,
				8A03664A29BE6BFC00922B32 /* TodoeyUITests.xctest */,
			);
			name = Products;
			sourceTree = "<group>";
		};
		8A03662C29BE6BFA00922B32 /* Todoey */ = {
			isa = PBXGroup;
			children = (
				8A03662D29BE6BFA00922B32 /* AppDelegate.swift */,
				8A03662F29BE6BFA00922B32 /* SceneDelegate.swift */,
				8A6590FE29BEDB70006B0376 /* Controller */,
				8A6590FD29BEDB5F006B0376 /* Data Model */,
				8A6590FF29BEDB7C006B0376 /* View */,
				8A65910029BEDB8C006B0376 /* Supported Files */,
				8A03663B29BE6BFB00922B32 /* Info.plist */,
			);
			path = Todoey;
			sourceTree = "<group>";
		};
		8A03664329BE6BFC00922B32 /* TodoeyTests */ = {
			isa = PBXGroup;
			children = (
				8A03664429BE6BFC00922B32 /* TodoeyTests.swift */,
			);
			path = TodoeyTests;
			sourceTree = "<group>";
		};
		8A03664D29BE6BFC00922B32 /* TodoeyUITests */ = {
			isa = PBXGroup;
			children = (
				8A03664E29BE6BFC00922B32 /* TodoeyUITests.swift */,
				8A03665029BE6BFC00922B32 /* TodoeyUITestsLaunchTests.swift */,
			);
			path = TodoeyUITests;
			sourceTree = "<group>";
		};
		8A6590FD29BEDB5F006B0376 /* Data Model */ = {
			isa = PBXGroup;
			children = (
				8A6590FB29BEDA24006B0376 /* Item.swift */,
				8A03663329BE6BFA00922B32 /* Main.storyboard */,
			);
			path = "Data Model";
			sourceTree = "<group>";
		};
		8A6590FE29BEDB70006B0376 /* Controller */ = {
			isa = PBXGroup;
			children = (
				8A03663129BE6BFA00922B32 /* ViewController.swift */,
			);
			path = Controller;
			sourceTree = "<group>";
		};
		8A6590FF29BEDB7C006B0376 /* View */ = {
			isa = PBXGroup;
			children = (
			);
			name = View;
			path = "Supported Files/View";
			sourceTree = "<group>";
		};
		8A65910029BEDB8C006B0376 /* Supported Files */ = {
			isa = PBXGroup;
			children = (
				8A03663629BE6BFB00922B32 /* Assets.xcassets */,
				8A03663829BE6BFB00922B32 /* LaunchScreen.storyboard */,
			);
			path = "Supported Files";
			sourceTree = "<group>";
		};
/* End PBXGroup section */

/* Begin PBXNativeTarget section */
		8A03662929BE6BFA00922B32 /* Todoey */ = {
			isa = PBXNativeTarget;
			buildConfigurationList = 8A03665429BE6BFC00922B32 /* Build configuration list for PBXNativeTarget "Todoey" */;
			buildPhases = (
				8A03662629BE6BFA00922B32 /* Sources */,
				8A03662729BE6BFA00922B32 /* Frameworks */,
				8A03662829BE6BFA00922B32 /* Resources */,
			);
			buildRules = (
			);
			dependencies = (
			);
			name = Todoey;
			productName = Todoey;
			productReference = 8A03662A29BE6BFA00922B32 /* Todoey.app */;
			productType = "com.apple.product-type.application";
		};
		8A03663F29BE6BFC00922B32 /* TodoeyTests */ = {
			isa = PBXNativeTarget;
			buildConfigurationList = 8A03665729BE6BFC00922B32 /* Build configuration list for PBXNativeTarget "TodoeyTests" */;
			buildPhases = (
				8A03663C29BE6BFC00922B32 /* Sources */,
				8A03663D29BE6BFC00922B32 /* Frameworks */,
				8A03663E29BE6BFC00922B32 /* Resources */,
			);
			buildRules = (
			);
			dependencies = (
				8A03664229BE6BFC00922B32 /* PBXTargetDependency */,
			);
			name = TodoeyTests;
			productName = TodoeyTests;
			productReference = 8A03664029BE6BFC00922B32 /* TodoeyTests.xctest */;
			productType = "com.apple.product-type.bundle.unit-test";
		};
		8A03664929BE6BFC00922B32 /* TodoeyUITests */ = {
			isa = PBXNativeTarget;
			buildConfigurationList = 8A03665A29BE6BFC00922B32 /* Build configuration list for PBXNativeTarget "TodoeyUITests" */;
			buildPhases = (
				8A03664629BE6BFC00922B32 /* Sources */,
				8A03664729BE6BFC00922B32 /* Frameworks */,
				8A03664829BE6BFC00922B32 /* Resources */,
			);
			buildRules = (
			);
			dependencies = (
				8A03664C29BE6BFC00922B32 /* PBXTargetDependency */,
			);
			name = TodoeyUITests;
			productName = TodoeyUITests;
			productReference = 8A03664A29BE6BFC00922B32 /* TodoeyUITests.xctest */;
			productType = "com.apple.product-type.bundle.ui-testing";
		};
/* End PBXNativeTarget section */

/* Begin PBXProject section */
		8A03662229BE6BFA00922B32 /* Project object */ = {
			isa = PBXProject;
			attributes = {
				BuildIndependentTargetsInParallel = 1;
				LastSwiftUpdateCheck = 1420;
				LastUpgradeCheck = 1420;
				TargetAttributes = {
					8A03662929BE6BFA00922B32 = {
						CreatedOnToolsVersion = 14.2;
					};
					8A03663F29BE6BFC00922B32 = {
						CreatedOnToolsVersion = 14.2;
						TestTargetID = 8A03662929BE6BFA00922B32;
					};
					8A03664929BE6BFC00922B32 = {
						CreatedOnToolsVersion = 14.2;
						TestTargetID = 8A03662929BE6BFA00922B32;
					};
				};
			};
			buildConfigurationList = 8A03662529BE6BFA00922B32 /* Build configuration list for PBXProject "Todoey" */;
			compatibilityVersion = "Xcode 14.0";
			developmentRegion = en;
			hasScannedForEncodings = 0;
			knownRegions = (
				en,
				Base,
			);
			mainGroup = 8A03662129BE6BFA00922B32;
			productRefGroup = 8A03662B29BE6BFA00922B32 /* Products */;
			projectDirPath = "";
			projectRoot = "";
			targets = (
				8A03662929BE6BFA00922B32 /* Todoey */,
				8A03663F29BE6BFC00922B32 /* TodoeyTests */,
				8A03664929BE6BFC00922B32 /* TodoeyUITests */,
			);
		};
/* End PBXProject section */

/* Begin PBXResourcesBuildPhase section */
		8A03662829BE6BFA00922B32 /* Resources */ = {
			isa = PBXResourcesBuildPhase;
			buildActionMask = 2147483647;
			files = (
				8A03663A29BE6BFB00922B32 /* LaunchScreen.storyboard in Resources */,
				8A03663729BE6BFB00922B32 /* Assets.xcassets in Resources */,
				8A03663529BE6BFA00922B32 /* Main.storyboard in Resources */,
			);
			runOnlyForDeploymentPostprocessing = 0;
		};
		8A03663E29BE6BFC00922B32 /* Resources */ = {
			isa = PBXResourcesBuildPhase;
			buildActionMask = 2147483647;
			files = (
			);
			runOnlyForDeploymentPostprocessing = 0;
		};
		8A03664829BE6BFC00922B32 /* Resources */ = {
			isa = PBXResourcesBuildPhase;
			buildActionMask = 2147483647;
			files = (
			);
			runOnlyForDeploymentPostprocessing = 0;
		};
/* End PBXResourcesBuildPhase section */

/* Begin PBXSourcesBuildPhase section */
		8A03662629BE6BFA00922B32 /* Sources */ = {
			isa = PBXSourcesBuildPhase;
			buildActionMask = 2147483647;
			files = (
				8A03663229BE6BFA00922B32 /* ViewController.swift in Sources */,
				8A6590FC29BEDA25006B0376 /* Item.swift in Sources */,
				8A03662E29BE6BFA00922B32 /* AppDelegate.swift in Sources */,
				8A03663029BE6BFA00922B32 /* SceneDelegate.swift in Sources */,
			);
			runOnlyForDeploymentPostprocessing = 0;
		};
		8A03663C29BE6BFC00922B32 /* Sources */ = {
			isa = PBXSourcesBuildPhase;
			buildActionMask = 2147483647;
			files = (
				8A03664529BE6BFC00922B32 /* TodoeyTests.swift in Sources */,
			);
			runOnlyForDeploymentPostprocessing = 0;
		};
		8A03664629BE6BFC00922B32 /* Sources */ = {
			isa = PBXSourcesBuildPhase;
			buildActionMask = 2147483647;
			files = (
				8A03665129BE6BFC00922B32 /* TodoeyUITestsLaunchTests.swift in Sources */,
				8A03664F29BE6BFC00922B32 /* TodoeyUITests.swift in Sources */,
			);
			runOnlyForDeploymentPostprocessing = 0;
		};
/* End PBXSourcesBuildPhase section */

/* Begin PBXTargetDependency section */
		8A03664229BE6BFC00922B32 /* PBXTargetDependency */ = {
			isa = PBXTargetDependency;
			target = 8A03662929BE6BFA00922B32 /* Todoey */;
			targetProxy = 8A03664129BE6BFC00922B32 /* PBXContainerItemProxy */;
		};
		8A03664C29BE6BFC00922B32 /* PBXTargetDependency */ = {
			isa = PBXTargetDependency;
			target = 8A03662929BE6BFA00922B32 /* Todoey */;
			targetProxy = 8A03664B29BE6BFC00922B32 /* PBXContainerItemProxy */;
		};
/* End PBXTargetDependency section */

/* Begin PBXVariantGroup section */
		8A03663329BE6BFA00922B32 /* Main.storyboard */ = {
			isa = PBXVariantGroup;
			children = (
				8A03663429BE6BFA00922B32 /* Base */,
			);
			name = Main.storyboard;
			sourceTree = "<group>";
		};
		8A03663829BE6BFB00922B32 /* LaunchScreen.storyboard */ = {
			isa = PBXVariantGroup;
			children = (
				8A03663929BE6BFB00922B32 /* Base */,
			);
			name = LaunchScreen.storyboard;
			sourceTree = "<group>";
		};
/* End PBXVariantGroup section */

/* Begin XCBuildConfiguration section */
		8A03665229BE6BFC00922B32 /* Debug */ = {
			isa = XCBuildConfiguration;
			buildSettings = {
				ALWAYS_SEARCH_USER_PATHS = NO;
				CLANG_ANALYZER_NONNULL = YES;
				CLANG_ANALYZER_NUMBER_OBJECT_CONVERSION = YES_AGGRESSIVE;
				CLANG_CXX_LANGUAGE_STANDARD = "gnu++20";
				CLANG_ENABLE_MODULES = YES;
				CLANG_ENABLE_OBJC_ARC = YES;
				CLANG_ENABLE_OBJC_WEAK = YES;
				CLANG_WARN_BLOCK_CAPTURE_AUTORELEASING = YES;
				CLANG_WARN_BOOL_CONVERSION = YES;
				CLANG_WARN_COMMA = YES;
				CLANG_WARN_CONSTANT_CONVERSION = YES;
				CLANG_WARN_DEPRECATED_OBJC_IMPLEMENTATIONS = YES;
				CLANG_WARN_DIRECT_OBJC_ISA_USAGE = YES_ERROR;
				CLANG_WARN_DOCUMENTATION_COMMENTS = YES;
				CLANG_WARN_EMPTY_BODY = YES;
				CLANG_WARN_ENUM_CONVERSION = YES;
				CLANG_WARN_INFINITE_RECURSION = YES;
				CLANG_WARN_INT_CONVERSION = YES;
				CLANG_WARN_NON_LITERAL_NULL_CONVERSION = YES;
				CLANG_WARN_OBJC_IMPLICIT_RETAIN_SELF = YES;
				CLANG_WARN_OBJC_LITERAL_CONVERSION = YES;
				CLANG_WARN_OBJC_ROOT_CLASS = YES_ERROR;
				CLANG_WARN_QUOTED_INCLUDE_IN_FRAMEWORK_HEADER = YES;
				CLANG_WARN_RANGE_LOOP_ANALYSIS = YES;
				CLANG_WARN_STRICT_PROTOTYPES = YES;
				CLANG_WARN_SUSPICIOUS_MOVE = YES;
				CLANG_WARN_UNGUARDED_AVAILABILITY = YES_AGGRESSIVE;
				CLANG_WARN_UNREACHABLE_CODE = YES;
				CLANG_WARN__DUPLICATE_METHOD_MATCH = YES;
				COPY_PHASE_STRIP = NO;
				DEBUG_INFORMATION_FORMAT = dwarf;
				ENABLE_STRICT_OBJC_MSGSEND = YES;
				ENABLE_TESTABILITY = YES;
				GCC_C_LANGUAGE_STANDARD = gnu11;
				GCC_DYNAMIC_NO_PIC = NO;
				GCC_NO_COMMON_BLOCKS = YES;
				GCC_OPTIMIZATION_LEVEL = 0;
				GCC_PREPROCESSOR_DEFINITIONS = (
					"DEBUG=1",
					"$(inherited)",
				);
				GCC_WARN_64_TO_32_BIT_CONVERSION = YES;
				GCC_WARN_ABOUT_RETURN_TYPE = YES_ERROR;
				GCC_WARN_UNDECLARED_SELECTOR = YES;
				GCC_WARN_UNINITIALIZED_AUTOS = YES_AGGRESSIVE;
				GCC_WARN_UNUSED_FUNCTION = YES;
				GCC_WARN_UNUSED_VARIABLE = YES;
				IPHONEOS_DEPLOYMENT_TARGET = 16.2;
				MTL_ENABLE_DEBUG_INFO = INCLUDE_SOURCE;
				MTL_FAST_MATH = YES;
				ONLY_ACTIVE_ARCH = YES;
				SDKROOT = iphoneos;
				SWIFT_ACTIVE_COMPILATION_CONDITIONS = DEBUG;
				SWIFT_OPTIMIZATION_LEVEL = "-Onone";
			};
			name = Debug;
		};
		8A03665329BE6BFC00922B32 /* Release */ = {
			isa = XCBuildConfiguration;
			buildSettings = {
				ALWAYS_SEARCH_USER_PATHS = NO;
				CLANG_ANALYZER_NONNULL = YES;
				CLANG_ANALYZER_NUMBER_OBJECT_CONVERSION = YES_AGGRESSIVE;
				CLANG_CXX_LANGUAGE_STANDARD = "gnu++20";
				CLANG_ENABLE_MODULES = YES;
				CLANG_ENABLE_OBJC_ARC = YES;
				CLANG_ENABLE_OBJC_WEAK = YES;
				CLANG_WARN_BLOCK_CAPTURE_AUTORELEASING = YES;
				CLANG_WARN_BOOL_CONVERSION = YES;
				CLANG_WARN_COMMA = YES;
				CLANG_WARN_CONSTANT_CONVERSION = YES;
				CLANG_WARN_DEPRECATED_OBJC_IMPLEMENTATIONS = YES;
				CLANG_WARN_DIRECT_OBJC_ISA_USAGE = YES_ERROR;
				CLANG_WARN_DOCUMENTATION_COMMENTS = YES;
				CLANG_WARN_EMPTY_BODY = YES;
				CLANG_WARN_ENUM_CONVERSION = YES;
				CLANG_WARN_INFINITE_RECURSION = YES;
				CLANG_WARN_INT_CONVERSION = YES;
				CLANG_WARN_NON_LITERAL_NULL_CONVERSION = YES;
				CLANG_WARN_OBJC_IMPLICIT_RETAIN_SELF = YES;
				CLANG_WARN_OBJC_LITERAL_CONVERSION = YES;
				CLANG_WARN_OBJC_ROOT_CLASS = YES_ERROR;
				CLANG_WARN_QUOTED_INCLUDE_IN_FRAMEWORK_HEADER = YES;
				CLANG_WARN_RANGE_LOOP_ANALYSIS = YES;
				CLANG_WARN_STRICT_PROTOTYPES = YES;
				CLANG_WARN_SUSPICIOUS_MOVE = YES;
				CLANG_WARN_UNGUARDED_AVAILABILITY = YES_AGGRESSIVE;
				CLANG_WARN_UNREACHABLE_CODE = YES;
				CLANG_WARN__DUPLICATE_METHOD_MATCH = YES;
				COPY_PHASE_STRIP = NO;
				DEBUG_INFORMATION_FORMAT = "dwarf-with-dsym";
				ENABLE_NS_ASSERTIONS = NO;
				ENABLE_STRICT_OBJC_MSGSEND = YES;
				GCC_C_LANGUAGE_STANDARD = gnu11;
				GCC_NO_COMMON_BLOCKS = YES;
				GCC_WARN_64_TO_32_BIT_CONVERSION = YES;
				GCC_WARN_ABOUT_RETURN_TYPE = YES_ERROR;
				GCC_WARN_UNDECLARED_SELECTOR = YES;
				GCC_WARN_UNINITIALIZED_AUTOS = YES_AGGRESSIVE;
				GCC_WARN_UNUSED_FUNCTION = YES;
				GCC_WARN_UNUSED_VARIABLE = YES;
				IPHONEOS_DEPLOYMENT_TARGET = 16.2;
				MTL_ENABLE_DEBUG_INFO = NO;
				MTL_FAST_MATH = YES;
				SDKROOT = iphoneos;
				SWIFT_COMPILATION_MODE = wholemodule;
				SWIFT_OPTIMIZATION_LEVEL = "-O";
				VALIDATE_PRODUCT = YES;
			};
			name = Release;
		};
		8A03665529BE6BFC00922B32 /* Debug */ = {
			isa = XCBuildConfiguration;
			buildSettings = {
				ASSETCATALOG_COMPILER_APPICON_NAME = AppIcon;
				ASSETCATALOG_COMPILER_GLOBAL_ACCENT_COLOR_NAME = AccentColor;
				CODE_SIGN_STYLE = Automatic;
				CURRENT_PROJECT_VERSION = 1;
				DEVELOPMENT_TEAM = W4BDNH48SW;
				GENERATE_INFOPLIST_FILE = YES;
				INFOPLIST_FILE = Todoey/Info.plist;
				INFOPLIST_KEY_UIApplicationSupportsIndirectInputEvents = YES;
				INFOPLIST_KEY_UILaunchStoryboardName = LaunchScreen;
				INFOPLIST_KEY_UIMainStoryboardFile = Main;
				INFOPLIST_KEY_UISupportedInterfaceOrientations_iPad = "UIInterfaceOrientationPortrait UIInterfaceOrientationPortraitUpsideDown UIInterfaceOrientationLandscapeLeft UIInterfaceOrientationLandscapeRight";
				INFOPLIST_KEY_UISupportedInterfaceOrientations_iPhone = "UIInterfaceOrientationPortrait UIInterfaceOrientationLandscapeLeft UIInterfaceOrientationLandscapeRight";
				LD_RUNPATH_SEARCH_PATHS = (
					"$(inherited)",
					"@executable_path/Frameworks",
				);
				MARKETING_VERSION = 1.0;
				PRODUCT_BUNDLE_IDENTIFIER = com.mukhammademin.Todoey;
				PRODUCT_NAME = "$(TARGET_NAME)";
				SWIFT_EMIT_LOC_STRINGS = YES;
				SWIFT_VERSION = 5.0;
				TARGETED_DEVICE_FAMILY = "1,2";
			};
			name = Debug;
		};
		8A03665629BE6BFC00922B32 /* Release */ = {
			isa = XCBuildConfiguration;
			buildSettings = {
				ASSETCATALOG_COMPILER_APPICON_NAME = AppIcon;
				ASSETCATALOG_COMPILER_GLOBAL_ACCENT_COLOR_NAME = AccentColor;
				CODE_SIGN_STYLE = Automatic;
				CURRENT_PROJECT_VERSION = 1;
				DEVELOPMENT_TEAM = W4BDNH48SW;
				GENERATE_INFOPLIST_FILE = YES;
				INFOPLIST_FILE = Todoey/Info.plist;
				INFOPLIST_KEY_UIApplicationSupportsIndirectInputEvents = YES;
				INFOPLIST_KEY_UILaunchStoryboardName = LaunchScreen;
				INFOPLIST_KEY_UIMainStoryboardFile = Main;
				INFOPLIST_KEY_UISupportedInterfaceOrientations_iPad = "UIInterfaceOrientationPortrait UIInterfaceOrientationPortraitUpsideDown UIInterfaceOrientationLandscapeLeft UIInterfaceOrientationLandscapeRight";
				INFOPLIST_KEY_UISupportedInterfaceOrientations_iPhone = "UIInterfaceOrientationPortrait UIInterfaceOrientationLandscapeLeft UIInterfaceOrientationLandscapeRight";
				LD_RUNPATH_SEARCH_PATHS = (
					"$(inherited)",
					"@executable_path/Frameworks",
				);
				MARKETING_VERSION = 1.0;
				PRODUCT_BUNDLE_IDENTIFIER = com.mukhammademin.Todoey;
				PRODUCT_NAME = "$(TARGET_NAME)";
				SWIFT_EMIT_LOC_STRINGS = YES;
				SWIFT_VERSION = 5.0;
				TARGETED_DEVICE_FAMILY = "1,2";
			};
			name = Release;
		};
		8A03665829BE6BFC00922B32 /* Debug */ = {
			isa = XCBuildConfiguration;
			buildSettings = {
				ALWAYS_EMBED_SWIFT_STANDARD_LIBRARIES = YES;
				BUNDLE_LOADER = "$(TEST_HOST)";
				CODE_SIGN_STYLE = Automatic;
				CURRENT_PROJECT_VERSION = 1;
				DEVELOPMENT_TEAM = W4BDNH48SW;
				GENERATE_INFOPLIST_FILE = YES;
				IPHONEOS_DEPLOYMENT_TARGET = 16.2;
				MARKETING_VERSION = 1.0;
				PRODUCT_BUNDLE_IDENTIFIER = com.mukhammademin.TodoeyTests;
				PRODUCT_NAME = "$(TARGET_NAME)";
				SWIFT_EMIT_LOC_STRINGS = NO;
				SWIFT_VERSION = 5.0;
				TARGETED_DEVICE_FAMILY = "1,2";
				TEST_HOST = "$(BUILT_PRODUCTS_DIR)/Todoey.app/$(BUNDLE_EXECUTABLE_FOLDER_PATH)/Todoey";
			};
			name = Debug;
		};
		8A03665929BE6BFC00922B32 /* Release */ = {
			isa = XCBuildConfiguration;
			buildSettings = {
				ALWAYS_EMBED_SWIFT_STANDARD_LIBRARIES = YES;
				BUNDLE_LOADER = "$(TEST_HOST)";
				CODE_SIGN_STYLE = Automatic;
				CURRENT_PROJECT_VERSION = 1;
				DEVELOPMENT_TEAM = W4BDNH48SW;
				GENERATE_INFOPLIST_FILE = YES;
				IPHONEOS_DEPLOYMENT_TARGET = 16.2;
				MARKETING_VERSION = 1.0;
				PRODUCT_BUNDLE_IDENTIFIER = com.mukhammademin.TodoeyTests;
				PRODUCT_NAME = "$(TARGET_NAME)";
				SWIFT_EMIT_LOC_STRINGS = NO;
				SWIFT_VERSION = 5.0;
				TARGETED_DEVICE_FAMILY = "1,2";
				TEST_HOST = "$(BUILT_PRODUCTS_DIR)/Todoey.app/$(BUNDLE_EXECUTABLE_FOLDER_PATH)/Todoey";
			};
			name = Release;
		};
		8A03665B29BE6BFC00922B32 /* Debug */ = {
			isa = XCBuildConfiguration;
			buildSettings = {
				ALWAYS_EMBED_SWIFT_STANDARD_LIBRARIES = YES;
				CODE_SIGN_STYLE = Automatic;
				CURRENT_PROJECT_VERSION = 1;
				DEVELOPMENT_TEAM = W4BDNH48SW;
				GENERATE_INFOPLIST_FILE = YES;
				MARKETING_VERSION = 1.0;
				PRODUCT_BUNDLE_IDENTIFIER = com.mukhammademin.TodoeyUITests;
				PRODUCT_NAME = "$(TARGET_NAME)";
				SWIFT_EMIT_LOC_STRINGS = NO;
				SWIFT_VERSION = 5.0;
				TARGETED_DEVICE_FAMILY = "1,2";
				TEST_TARGET_NAME = Todoey;
			};
			name = Debug;
		};
		8A03665C29BE6BFC00922B32 /* Release */ = {
			isa = XCBuildConfiguration;
			buildSettings = {
				ALWAYS_EMBED_SWIFT_STANDARD_LIBRARIES = YES;
				CODE_SIGN_STYLE = Automatic;
				CURRENT_PROJECT_VERSION = 1;
				DEVELOPMENT_TEAM = W4BDNH48SW;
				GENERATE_INFOPLIST_FILE = YES;
				MARKETING_VERSION = 1.0;
				PRODUCT_BUNDLE_IDENTIFIER = com.mukhammademin.TodoeyUITests;
				PRODUCT_NAME = "$(TARGET_NAME)";
				SWIFT_EMIT_LOC_STRINGS = NO;
				SWIFT_VERSION = 5.0;
				TARGETED_DEVICE_FAMILY = "1,2";
				TEST_TARGET_NAME = Todoey;
			};
			name = Release;
		};
/* End XCBuildConfiguration section */

/* Begin XCConfigurationList section */
		8A03662529BE6BFA00922B32 /* Build configuration list for PBXProject "Todoey" */ = {
			isa = XCConfigurationList;
			buildConfigurations = (
				8A03665229BE6BFC00922B32 /* Debug */,
				8A03665329BE6BFC00922B32 /* Release */,
			);
			defaultConfigurationIsVisible = 0;
			defaultConfigurationName = Release;
		};
		8A03665429BE6BFC00922B32 /* Build configuration list for PBXNativeTarget "Todoey" */ = {
			isa = XCConfigurationList;
			buildConfigurations = (
				8A03665529BE6BFC00922B32 /* Debug */,
				8A03665629BE6BFC00922B32 /* Release */,
			);
			defaultConfigurationIsVisible = 0;
			defaultConfigurationName = Release;
		};
		8A03665729BE6BFC00922B32 /* Build configuration list for PBXNativeTarget "TodoeyTests" */ = {
			isa = XCConfigurationList;
			buildConfigurations = (
				8A03665829BE6BFC00922B32 /* Debug */,
				8A03665929BE6BFC00922B32 /* Release */,
			);
			defaultConfigurationIsVisible = 0;
			defaultConfigurationName = Release;
		};
		8A03665A29BE6BFC00922B32 /* Build configuration list for PBXNativeTarget "TodoeyUITests" */ = {
			isa = XCConfigurationList;
			buildConfigurations = (
				8A03665B29BE6BFC00922B32 /* Debug */,
				8A03665C29BE6BFC00922B32 /* Release */,
			);
			defaultConfigurationIsVisible = 0;
			defaultConfigurationName = Release;
		};
/* End XCConfigurationList section */
	};
	rootObject = 8A03662229BE6BFA00922B32 /* Project object */;
}
